<?xml version="1.0" encoding="utf-8"?>
<Project ToolsVersion="4.0" xmlns="http://schemas.microsoft.com/developer/msbuild/2003">
  <ItemGroup>
    <Filter Include="Source Files">
      <UniqueIdentifier>{68C4C468-D3C9-4C75-8E50-3F1D928A5F4D}</UniqueIdentifier>
    </Filter>
    <Filter Include="Header Files">
      <UniqueIdentifier>{E6B5146A-1C19-45F7-B42F-24C23392B0A6}</UniqueIdentifier>
    </Filter>
  </ItemGroup>
  <ItemGroup>
    <ClCompile Include="DRPacket.cpp"><Filter>Source Files</Filter></ClCompile>
    <ClCompile Include="Rect.cpp"><Filter>Source Files</Filter></ClCompile>
    <ClCompile Include="RingBuffer.cpp"><Filter>Source Files</Filter></ClCompile>
    <ClCompile Include="Vector.cpp"><Filter>Source Files</Filter></ClCompile>
  </ItemGroup>
  <ItemGroup>
    <ClInclude Include="DRObjectPool.h"><Filter>Header Files</Filter></ClInclude>
    <ClInclude Include="DRPacket.h"><Filter>Header Files</Filter></ClInclude>
    <ClInclude Include="DRQueue.h"><Filter>Header Files</Filter></ClInclude>
    <ClInclude Include="DRStack.h"><Filter>Header Files</Filter></ClInclude>
    <ClInclude Include="Rect.hpp"><Filter>Header Files</Filter></ClInclude>
    <ClInclude Include="RingBuffer.h"><Filter>Header Files</Filter></ClInclude>
    <ClInclude Include="Vector.hpp"><Filter>Header Files</Filter></ClInclude>
  </ItemGroup>
</Project>
