
Microsoft Visual Studio Solution File, Format Version 12.00
# Visual Studio Version 18
VisualStudioVersion = 18.8.12021.73
MinimumVisualStudioVersion = 10.0.40219.1
Project("{8BC9CEB8-8B4A-11D0-8D11-00A0C91BC942}") = "DRLib", "DRLib\DRLib.vcxproj", "{75BE36F7-0705-4C4F-99C3-F9740173C33A}"
EndProject
Project("{8BC9CEB8-8B4A-11D0-8D11-00A0C91BC942}") = "Multishoot", "Multishoot\Multishoot.vcxproj", "{31AD3338-A555-4B34-BFF3-325E42EF9501}"
EndProject
Project("{8BC9CEB8-8B4A-11D0-8D11-00A0C91BC942}") = "MultishootServer", "MultishootServer\MultishootServer.vcxproj", "{9F0A4C33-97C1-4A43-A6D9-B213602F8712}"
EndProject
Global
	GlobalSection(SolutionConfigurationPlatforms) = preSolution
		Debug|x64 = Debug|x64
		Debug|x86 = Debug|x86
		Release|x64 = Release|x64
		Release|x86 = Release|x86
	EndGlobalSection
	GlobalSection(ProjectConfigurationPlatforms) = postSolution
		{75BE36F7-0705-4C4F-99C3-F9740173C33A}.Debug|x64.ActiveCfg = Debug|x64
		{75BE36F7-0705-4C4F-99C3-F9740173C33A}.Debug|x64.Build.0 = Debug|x64
		{75BE36F7-0705-4C4F-99C3-F9740173C33A}.Debug|x86.ActiveCfg = Debug|Win32
		{75BE36F7-0705-4C4F-99C3-F9740173C33A}.Debug|x86.Build.0 = Debug|Win32
		{75BE36F7-0705-4C4F-99C3-F9740173C33A}.Release|x64.ActiveCfg = Release|x64
		{75BE36F7-0705-4C4F-99C3-F9740173C33A}.Release|x64.Build.0 = Release|x64
		{75BE36F7-0705-4C4F-99C3-F9740173C33A}.Release|x86.ActiveCfg = Release|Win32
		{75BE36F7-0705-4C4F-99C3-F9740173C33A}.Release|x86.Build.0 = Release|Win32
		{31AD3338-A555-4B34-BFF3-325E42EF9501}.Debug|x64.ActiveCfg = Debug|x64
		{31AD3338-A555-4B34-BFF3-325E42EF9501}.Debug|x64.Build.0 = Debug|x64
		{31AD3338-A555-4B34-BFF3-325E42EF9501}.Debug|x86.ActiveCfg = Debug|Win32
		{31AD3338-A555-4B34-BFF3-325E42EF9501}.Debug|x86.Build.0 = Debug|Win32
		{31AD3338-A555-4B34-BFF3-325E42EF9501}.Release|x64.ActiveCfg = Release|x64
		{31AD3338-A555-4B34-BFF3-325E42EF9501}.Release|x64.Build.0 = Release|x64
		{31AD3338-A555-4B34-BFF3-325E42EF9501}.Release|x86.ActiveCfg = Release|Win32
		{31AD3338-A555-4B34-BFF3-325E42EF9501}.Release|x86.Build.0 = Release|Win32
		{9F0A4C33-97C1-4A43-A6D9-B213602F8712}.Debug|x64.ActiveCfg = Debug|x64
		{9F0A4C33-97C1-4A43-A6D9-B213602F8712}.Debug|x64.Build.0 = Debug|x64
		{9F0A4C33-97C1-4A43-A6D9-B213602F8712}.Debug|x86.ActiveCfg = Debug|Win32
		{9F0A4C33-97C1-4A43-A6D9-B213602F8712}.Debug|x86.Build.0 = Debug|Win32
		{9F0A4C33-97C1-4A43-A6D9-B213602F8712}.Release|x64.ActiveCfg = Release|x64
		{9F0A4C33-97C1-4A43-A6D9-B213602F8712}.Release|x64.Build.0 = Release|x64
		{9F0A4C33-97C1-4A43-A6D9-B213602F8712}.Release|x86.ActiveCfg = Release|Win32
		{9F0A4C33-97C1-4A43-A6D9-B213602F8712}.Release|x86.Build.0 = Release|Win32
	EndGlobalSection
	GlobalSection(SolutionProperties) = preSolution
		HideSolutionNode = FALSE
	EndGlobalSection
	GlobalSection(ExtensibilityGlobals) = postSolution
		SolutionGuid = {1D3025B8-6A7D-4903-912C-D2B3EFA25B31}
	EndGlobalSection
EndGlobal
