<?xml version="1.0" encoding="utf-8"?>
<Project ToolsVersion="4.0" xmlns="http://schemas.microsoft.com/developer/msbuild/2003">
  <ItemGroup>
    <Filter Include="소스 파일">
      <UniqueIdentifier>{4FC737F1-C7A5-4376-A066-2A32D752A2FF}</UniqueIdentifier>
      <Extensions>cpp;c;cc;cxx;c++;cppm;ixx;def;odl;idl;hpj;bat;asm;asmx</Extensions>
    </Filter>
    <Filter Include="헤더 파일">
      <UniqueIdentifier>{93995380-89BD-4b04-88EB-625FBE52EBFB}</UniqueIdentifier>
      <Extensions>h;hh;hpp;hxx;h++;hm;inl;inc;ipp;xsd</Extensions>
    </Filter>
    <Filter Include="리소스 파일">
      <UniqueIdentifier>{67DA6AB6-F800-4c08-8B7A-83BB121AAD01}</UniqueIdentifier>
      <Extensions>rc;ico;cur;bmp;dlg;rc2;rct;bin;rgs;gif;jpg;jpeg;jpe;resx;tiff;tif;png;wav;mfcribbon-ms</Extensions>
    </Filter>
    <Filter Include="Engine">
      <UniqueIdentifier>{60cc3d3c-b0ba-4922-90b7-b47b6b5413b3}</UniqueIdentifier>
    </Filter>
    <Filter Include="Engine\소스 파일">
      <UniqueIdentifier>{3045b48a-27e5-4071-9669-fe57945419f2}</UniqueIdentifier>
    </Filter>
    <Filter Include="Engine\헤더 파일">
      <UniqueIdentifier>{09e5c1fb-507c-43d4-b6f3-5a143b718f54}</UniqueIdentifier>
    </Filter>
    <Filter Include="Network">
      <UniqueIdentifier>{55bc4a70-4e4d-45a8-bcea-062e5c747ed7}</UniqueIdentifier>
    </Filter>
    <Filter Include="Network\소스 파일">
      <UniqueIdentifier>{faf7815f-75c0-432b-9926-86ace8c9a31c}</UniqueIdentifier>
    </Filter>
    <Filter Include="Network\헤더 파일">
      <UniqueIdentifier>{55e9bfd0-556e-4099-9c09-07ffdc0471be}</UniqueIdentifier>
    </Filter>
  </ItemGroup>
  <ItemGroup>
    <ClCompile Include="HelloWorld.cpp">
      <Filter>소스 파일</Filter>
    </ClCompile>
    <ClCompile Include="LobbyScene.cpp">
      <Filter>소스 파일</Filter>
    </ClCompile>
    <ClCompile Include="main.cpp">
      <Filter>소스 파일</Filter>
    </ClCompile>
    <ClCompile Include="GameManager.cpp">
      <Filter>Engine\소스 파일</Filter>
    </ClCompile>
    <ClCompile Include="GameObject.cpp">
      <Filter>Engine\소스 파일</Filter>
    </ClCompile>
    <ClCompile Include="Graphics.cpp">
      <Filter>Engine\소스 파일</Filter>
    </ClCompile>
    <ClCompile Include="Object.cpp">
      <Filter>Engine\소스 파일</Filter>
    </ClCompile>
    <ClCompile Include="Packet.cpp">
      <Filter>Engine\소스 파일</Filter>
    </ClCompile>
    <ClCompile Include="PlayerPref.cpp">
      <Filter>Engine\소스 파일</Filter>
    </ClCompile>
    <ClCompile Include="Rect.cpp">
      <Filter>Engine\소스 파일</Filter>
    </ClCompile>
    <ClCompile Include="Scene.cpp">
      <Filter>Engine\소스 파일</Filter>
    </ClCompile>
    <ClCompile Include="Text.cpp">
      <Filter>Engine\소스 파일</Filter>
    </ClCompile>
    <ClCompile Include="tinyxml2.cpp">
      <Filter>Engine\소스 파일</Filter>
    </ClCompile>
    <ClCompile Include="TVDR.cpp">
      <Filter>Engine\소스 파일</Filter>
    </ClCompile>
    <ClCompile Include="Vector.cpp">
      <Filter>Engine\소스 파일</Filter>
    </ClCompile>
    <ClCompile Include="Input.cpp">
      <Filter>Engine\소스 파일</Filter>
    </ClCompile>
    <ClCompile Include="Bullet.cpp">
      <Filter>소스 파일</Filter>
    </ClCompile>
    <ClCompile Include="Enemy.cpp">
      <Filter>소스 파일</Filter>
    </ClCompile>
    <ClCompile Include="Player.cpp">
      <Filter>소스 파일</Filter>
    </ClCompile>
    <ClCompile Include="SingleController.cpp">
      <Filter>소스 파일</Filter>
    </ClCompile>
    <ClCompile Include="DRClient.cpp">
      <Filter>Network\소스 파일</Filter>
    </ClCompile>
    <ClCompile Include="DRObjectPool.cpp">
      <Filter>Network\소스 파일</Filter>
    </ClCompile>
    <ClCompile Include="DRPacket.cpp">
      <Filter>Network\소스 파일</Filter>
    </ClCompile>
    <ClCompile Include="DRQueue.cpp">
      <Filter>Network\소스 파일</Filter>
    </ClCompile>
    <ClCompile Include="RingBuffer.cpp">
      <Filter>Network\소스 파일</Filter>
    </ClCompile>
    <ClCompile Include="DRStack.cpp">
      <Filter>Network\소스 파일</Filter>
    </ClCompile>
    <ClCompile Include="GameController.cpp">
      <Filter>소스 파일</Filter>
    </ClCompile>
    <ClCompile Include="MultiController.cpp">
      <Filter>소스 파일</Filter>
    </ClCompile>
    <ClCompile Include="MultiShootClient.cpp">
      <Filter>소스 파일</Filter>
    </ClCompile>
  </ItemGroup>
  <ItemGroup>
    <ClInclude Include="HelloWorld.hpp">
      <Filter>헤더 파일</Filter>
    </ClInclude>
    <ClInclude Include="LobbyScene.hpp">
      <Filter>헤더 파일</Filter>
    </ClInclude>
    <ClInclude Include="GameManager.hpp">
      <Filter>Engine\헤더 파일</Filter>
    </ClInclude>
    <ClInclude Include="GameObject.hpp">
      <Filter>Engine\헤더 파일</Filter>
    </ClInclude>
    <ClInclude Include="Graphics.hpp">
      <Filter>Engine\헤더 파일</Filter>
    </ClInclude>
    <ClInclude Include="Input.hpp">
      <Filter>Engine\헤더 파일</Filter>
    </ClInclude>
    <ClInclude Include="Object.hpp">
      <Filter>Engine\헤더 파일</Filter>
    </ClInclude>
    <ClInclude Include="Packet.hpp">
      <Filter>Engine\헤더 파일</Filter>
    </ClInclude>
    <ClInclude Include="PlayerPref.hpp">
      <Filter>Engine\헤더 파일</Filter>
    </ClInclude>
    <ClInclude Include="Rect.hpp">
      <Filter>Engine\헤더 파일</Filter>
    </ClInclude>
    <ClInclude Include="Scene.hpp">
      <Filter>Engine\헤더 파일</Filter>
    </ClInclude>
    <ClInclude Include="Text.hpp">
      <Filter>Engine\헤더 파일</Filter>
    </ClInclude>
    <ClInclude Include="tinyxml2.h">
      <Filter>Engine\헤더 파일</Filter>
    </ClInclude>
    <ClInclude Include="TVDR.hpp">
      <Filter>Engine\헤더 파일</Filter>
    </ClInclude>
    <ClInclude Include="Vector.hpp">
      <Filter>Engine\헤더 파일</Filter>
    </ClInclude>
    <ClInclude Include="Player.hpp">
      <Filter>헤더 파일</Filter>
    </ClInclude>
    <ClInclude Include="Bullet.hpp">
      <Filter>헤더 파일</Filter>
    </ClInclude>
    <ClInclude Include="Enemy.hpp">
      <Filter>헤더 파일</Filter>
    </ClInclude>
    <ClInclude Include="SingleController.h">
      <Filter>헤더 파일</Filter>
    </ClInclude>
    <ClInclude Include="DRClient.h">
      <Filter>Network\헤더 파일</Filter>
    </ClInclude>
    <ClInclude Include="DRObjectPool.h">
      <Filter>Network\헤더 파일</Filter>
    </ClInclude>
    <ClInclude Include="DRPacket.h">
      <Filter>Network\헤더 파일</Filter>
    </ClInclude>
    <ClInclude Include="DRQueue.h">
      <Filter>Network\헤더 파일</Filter>
    </ClInclude>
    <ClInclude Include="DRStack.h">
      <Filter>Network\헤더 파일</Filter>
    </ClInclude>
    <ClInclude Include="RingBuffer.h">
      <Filter>Network\헤더 파일</Filter>
    </ClInclude>
    <ClInclude Include="GameController.h">
      <Filter>헤더 파일</Filter>
    </ClInclude>
    <ClInclude Include="MultiController.h">
      <Filter>헤더 파일</Filter>
    </ClInclude>
    <ClInclude Include="MultiShootClient.h">
      <Filter>헤더 파일</Filter>
    </ClInclude>
  </ItemGroup>
  <ItemGroup>
    <Image Include="resource\1.bmp">
      <Filter>리소스 파일</Filter>
    </Image>
    <Image Include="resource\background.bmp">
      <Filter>리소스 파일</Filter>
    </Image>
    <Image Include="resource\enemy.bmp">
      <Filter>리소스 파일</Filter>
    </Image>
    <Image Include="resource\player.bmp">
      <Filter>리소스 파일</Filter>
    </Image>
  </ItemGroup>
  <ItemGroup>
    <Font Include="resource\Plaguard-ZVnjx.ttf">
      <Filter>리소스 파일</Filter>
    </Font>
  </ItemGroup>
  <ItemGroup>
    <Xml Include="PlayerPref.xml">
      <Filter>리소스 파일</Filter>
    </Xml>
  </ItemGroup>
</Project>