<?xml version="1.0" encoding="utf-8"?>
<Project ToolsVersion="4.0" xmlns="http://schemas.microsoft.com/developer/msbuild/2003">
  <ItemGroup>
    <Filter Include="engine"><UniqueIdentifier>{60CC3D3C-B0BA-4922-90B7-B47B6B5413B3}</UniqueIdentifier></Filter>
    <Filter Include="entities"><UniqueIdentifier>{4FC737F1-C7A5-4376-A066-2A32D752A2FF}</UniqueIdentifier></Filter>
    <Filter Include="controllers"><UniqueIdentifier>{93995380-89BD-4B04-88EB-625FBE52EBFB}</UniqueIdentifier></Filter>
    <Filter Include="scenes"><UniqueIdentifier>{3045B48A-27E5-4071-9669-FE57945419F2}</UniqueIdentifier></Filter>
    <Filter Include="resource"><UniqueIdentifier>{67DA6AB6-F800-4C08-8B7A-83BB121AAD01}</UniqueIdentifier></Filter>
  </ItemGroup>
  <ItemGroup>
    <ClCompile Include="main.cpp" />
    <ClCompile Include="engine\game_manager.cpp"><Filter>engine</Filter></ClCompile>
    <ClCompile Include="engine\game_object.cpp"><Filter>engine</Filter></ClCompile>
    <ClCompile Include="engine\graphics.cpp"><Filter>engine</Filter></ClCompile>
    <ClCompile Include="engine\input.cpp"><Filter>engine</Filter></ClCompile>
    <ClCompile Include="engine\object.cpp"><Filter>engine</Filter></ClCompile>
    <ClCompile Include="engine\player_pref.cpp"><Filter>engine</Filter></ClCompile>
    <ClCompile Include="engine\scene.cpp"><Filter>engine</Filter></ClCompile>
    <ClCompile Include="engine\text.cpp"><Filter>engine</Filter></ClCompile>
    <ClCompile Include="entities\bullet.cpp"><Filter>entities</Filter></ClCompile>
    <ClCompile Include="entities\enemy.cpp"><Filter>entities</Filter></ClCompile>
    <ClCompile Include="entities\player.cpp"><Filter>entities</Filter></ClCompile>
    <ClCompile Include="controllers\game_controller.cpp"><Filter>controllers</Filter></ClCompile>
    <ClCompile Include="controllers\multi_controller.cpp"><Filter>controllers</Filter></ClCompile>
    <ClCompile Include="controllers\multi_shoot_client.cpp"><Filter>controllers</Filter></ClCompile>
    <ClCompile Include="controllers\single_controller.cpp"><Filter>controllers</Filter></ClCompile>
    <ClCompile Include="scenes\hello_world.cpp"><Filter>scenes</Filter></ClCompile>
    <ClCompile Include="scenes\lobby_scene.cpp"><Filter>scenes</Filter></ClCompile>
  </ItemGroup>
  <ItemGroup>
    <ClInclude Include="engine\game_manager.hpp"><Filter>engine</Filter></ClInclude>
    <ClInclude Include="engine\game_object.hpp"><Filter>engine</Filter></ClInclude>
    <ClInclude Include="engine\graphics.hpp"><Filter>engine</Filter></ClInclude>
    <ClInclude Include="engine\input.hpp"><Filter>engine</Filter></ClInclude>
    <ClInclude Include="engine\object.hpp"><Filter>engine</Filter></ClInclude>
    <ClInclude Include="engine\player_pref.hpp"><Filter>engine</Filter></ClInclude>
    <ClInclude Include="engine\scene.hpp"><Filter>engine</Filter></ClInclude>
    <ClInclude Include="engine\text.hpp"><Filter>engine</Filter></ClInclude>
    <ClInclude Include="entities\bullet.hpp"><Filter>entities</Filter></ClInclude>
    <ClInclude Include="entities\enemy.hpp"><Filter>entities</Filter></ClInclude>
    <ClInclude Include="entities\player.hpp"><Filter>entities</Filter></ClInclude>
    <ClInclude Include="controllers\game_controller.hpp"><Filter>controllers</Filter></ClInclude>
    <ClInclude Include="controllers\multi_controller.hpp"><Filter>controllers</Filter></ClInclude>
    <ClInclude Include="controllers\multi_shoot_client.hpp"><Filter>controllers</Filter></ClInclude>
    <ClInclude Include="controllers\single_controller.hpp"><Filter>controllers</Filter></ClInclude>
    <ClInclude Include="scenes\hello_world.hpp"><Filter>scenes</Filter></ClInclude>
    <ClInclude Include="scenes\lobby_scene.hpp"><Filter>scenes</Filter></ClInclude>
  </ItemGroup>
  <ItemGroup>
    <Image Include="resource\1.bmp"><Filter>resource</Filter></Image>
    <Image Include="resource\background.bmp"><Filter>resource</Filter></Image>
    <Image Include="resource\enemy.bmp"><Filter>resource</Filter></Image>
    <Image Include="resource\player.bmp"><Filter>resource</Filter></Image>
    <Font Include="resource\Plaguard-ZVnjx.ttf"><Filter>resource</Filter></Font>
    <Xml Include="PlayerPref.xml"><Filter>resource</Filter></Xml>
  </ItemGroup>
</Project>
